// !$*UTF8*$!
{
	archiveVersion = 1;
	classes = {
	};
	objectVersion = 46;
	objects = {

/* Begin PBXBuildFile section */
		4E7163F41DECF6C300589A68 /* SettingsViewController.swift in Sources */ = {isa = PBXBuildFile; fileRef = 4E7163F31DECF6C300589A68 /* SettingsViewController.swift */; };
		4EECBD0E1DEA64AF009B20D7 /* AppDelegate.swift in Sources */ = {isa = PBXBuildFile; fileRef = 4EECBD0D1DEA64AF009B20D7 /* AppDelegate.swift */; };
		4EECBD101DEA64AF009B20D7 /* ViewController.swift in Sources */ = {isa = PBXBuildFile; fileRef = 4EECBD0F1DEA64AF009B20D7 /* ViewController.swift */; };
		4EECBD131DEA64AF009B20D7 /* Main.storyboard in Resources */ = {isa = PBXBuildFile; fileRef = 4EECBD111DEA64AF009B20D7 /* Main.storyboard */; };
		4EECBD151DEA64AF009B20D7 /* Assets.xcassets in Resources */ = {isa = PBXBuildFile; fileRef = 4EECBD141DEA64AF009B20D7 /* Assets.xcassets */; };
		4EECBD181DEA64AF009B20D7 /* LaunchScreen.storyboard in Resources */ = {isa = PBXBuildFile; fileRef = 4EECBD161DEA64AF009B20D7 /* LaunchScreen.storyboard */; };
/* End PBXBuildFile section */

/* Begin PBXFileReference section */
		4E7163F31DECF6C300589A68 /* SettingsViewController.swift */ = {isa = PBXFileReference; fileEncoding = 4; lastKnownFileType = sourcecode.swift; path = SettingsViewController.swift; sourceTree = "<group>"; };
		4EECBD0A1DEA64AF009B20D7 /* TipCalculator.app */ = {isa = PBXFileReference; explicitFileType = wrapper.application; includeInIndex = 0; path = TipCalculator.app; sourceTree = BUILT_PRODUCTS_DIR; };
		4EECBD0D1DEA64AF009B20D7 /* AppDelegate.swift */ = {isa = PBXFileReference; lastKnownFileType = sourcecode.swift; path = AppDelegate.swift; sourceTree = "<group>"; };
		4EECBD0F1DEA64AF009B20D7 /* ViewController.swift */ = {isa = PBXFileReference; lastKnownFileType = sourcecode.swift; path = ViewController.swift; sourceTree = "<group>"; };
		4EECBD121DEA64AF009B20D7 /* Base */ = {isa = PBXFileReference; lastKnownFileType = file.storyboard; name = Base; path = Base.lproj/Main.storyboard; sourceTree = "<group>"; };
		4EECBD141DEA64AF009B20D7 /* Assets.xcassets */ = {isa = PBXFileReference; lastKnownFileType = folder.assetcatalog; path = Assets.xcassets; sourceTree = "<group>"; };
		4EECBD171DEA64AF009B20D7 /* Base */ = {isa = PBXFileReference; lastKnownFileType = file.storyboard; name = Base; path = Base.lproj/LaunchScreen.storyboard; sourceTree = "<group>"; };
		4EECBD191DEA64AF009B20D7 /* Info.plist */ = {isa = PBXFileReference; lastKnownFileType = text.plist.xml; path = Info.plist; sourceTree = "<group>"; };
/* End PBXFileReference section */

/* Begin PBXFrameworksBuildPhase section */
		4EECBD071DEA64AF009B20D7 /* Frameworks */ = {
			isa = PBXFrameworksBuildPhase;
			buildActionMask = 2147483647;
			files = (
			);
			runOnlyForDeploymentPostprocessing = 0;
		};
/* End PBXFrameworksBuildPhase section */

/* Begin PBXGroup section */
		4EECBD011DEA64AF009B20D7 = {
			isa = PBXGroup;
			children = (
				4EECBD0C1DEA64AF009B20D7 /* TipCalculator */,
				4EECBD0B1DEA64AF009B20D7 /* Products */,
			);
			sourceTree = "<group>";
		};
		4EECBD0B1DEA64AF009B20D7 /* Products */ = {
			isa = PBXGroup;
			children = (
				4EECBD0A1DEA64AF009B20D7 /* TipCalculator.app */,
			);
			name = Products;
			sourceTree = "<group>";
		};
		4EECBD0C1DEA64AF009B20D7 /* TipCalculator */ = {
			isa = PBXGroup;
			children = (
				4EECBD0D1DEA64AF009B20D7 /* AppDelegate.swift */,
				4EECBD0F1DEA64AF009B20D7 /* ViewController.swift */,
				4EECBD111DEA64AF009B20D7 /* Main.storyboard */,
				4EECBD141DEA64AF009B20D7 /* Assets.xcassets */,
				4EECBD161DEA64AF009B20D7 /* LaunchScreen.storyboard */,
				4EECBD191DEA64AF009B20D7 /* Info.plist */,
				4E7163F31DECF6C300589A68 /* SettingsViewController.swift */,
			);
			path = TipCalculator;
			sourceTree = "<group>";
		};
/* End PBXGroup section */

/* Begin PBXNativeTarget section */
		4EECBD091DEA64AF009B20D7 /* TipCalculator */ = {
			isa = PBXNativeTarget;
			buildConfigurationList = 4EECBD1C1DEA64AF009B20D7 /* Build configuration list for PBXNativeTarget "TipCalculator" */;
			buildPhases = (
				4EECBD061DEA64AF009B20D7 /* Sources */,
				4EECBD071DEA64AF009B20D7 /* Frameworks */,
				4EECBD081DEA64AF009B20D7 /* Resources */,
			);
			buildRules = (
			);
			dependencies = (
			);
			name = TipCalculator;
			productName = TipCalculator;
			productReference = 4EECBD0A1DEA64AF009B20D7 /* TipCalculator.app */;
			productType = "com.apple.product-type.application";
		};
/* End PBXNativeTarget section */

/* Begin PBXProject section */
		4EECBD021DEA64AF009B20D7 /* Project object */ = {
			isa = PBXProject;
			attributes = {
				LastSwiftUpdateCheck = 0720;
				LastUpgradeCheck = 0720;
				ORGANIZATIONNAME = "Sang Saephan";
				TargetAttributes = {
					4EECBD091DEA64AF009B20D7 = {
						CreatedOnToolsVersion = 7.2;
					};
				};
			};
			buildConfigurationList = 4EECBD051DEA64AF009B20D7 /* Build configuration list for PBXProject "TipCalculator" */;
			compatibilityVersion = "Xcode 3.2";
			developmentRegion = English;
			hasScannedForEncodings = 0;
			knownRegions = (
				en,
				Base,
			);
			mainGroup = 4EECBD011DEA64AF009B20D7;
			productRefGroup = 4EECBD0B1DEA64AF009B20D7 /* Products */;
			projectDirPath = "";
			projectRoot = "";
			targets = (
				4EECBD091DEA64AF009B20D7 /* TipCalculator */,
			);
		};
/* End PBXProject section */

/* Begin PBXResourcesBuildPhase section */
		4EECBD081DEA64AF009B20D7 /* Resources */ = {
			isa = PBXResourcesBuildPhase;
			buildActionMask = 2147483647;
			files = (
				4EECBD181DEA64AF009B20D7 /* LaunchScreen.storyboard in Resources */,
				4EECBD151DEA64AF009B20D7 /* Assets.xcassets in Resources */,
				4EECBD131DEA64AF009B20D7 /* Main.storyboard in Resources */,
			);
			runOnlyForDeploymentPostprocessing = 0;
		};
/* End PBXResourcesBuildPhase section */

/* Begin PBXSourcesBuildPhase section */
		4EECBD061DEA64AF009B20D7 /* Sources */ = {
			isa = PBXSourcesBuildPhase;
			buildActionMask = 2147483647;
			files = (
				4EECBD101DEA64AF009B20D7 /* ViewController.swift in Sources */,
				4EECBD0E1DEA64AF009B20D7 /* AppDelegate.swift in Sources */,
				4E7163F41DECF6C300589A68 /* SettingsViewController.swift in Sources */,
			);
			runOnlyForDeploymentPostprocessing = 0;
		};
/* End PBXSourcesBuildPhase section */

/* Begin PBXVariantGroup section */
		4EECBD111DEA64AF009B20D7 /* Main.storyboard */ = {
			isa = PBXVariantGroup;
			children = (
				4EECBD121DEA64AF009B20D7 /* Base */,
			);
			name = Main.storyboard;
			sourceTree = "<group>";
		};
		4EECBD161DEA64AF009B20D7 /* LaunchScreen.storyboard */ = {
			isa = PBXVariantGroup;
			children = (
				4EECBD171DEA64AF009B20D7 /* Base */,
			);
			name = LaunchScreen.storyboard;
			sourceTree = "<group>";
		};
/* End PBXVariantGroup section */

/* Begin XCBuildConfiguration section */
		4EECBD1A1DEA64AF009B20D7 /* Debug */ = {
			isa = XCBuildConfiguration;
			buildSettings = {
				ALWAYS_SEARCH_USER_PATHS = NO;
				CLANG_CXX_LANGUAGE_STANDARD = "gnu++0x";
				CLANG_CXX_LIBRARY = "libc++";
				CLANG_ENABLE_MODULES = YES;
				CLANG_ENABLE_OBJC_ARC = YES;
				CLANG_WARN_BOOL_CONVERSION = YES;
				CLANG_WARN_CONSTANT_CONVERSION = YES;
				CLANG_WARN_DIRECT_OBJC_ISA_USAGE = YES_ERROR;
				CLANG_WARN_EMPTY_BODY = YES;
				CLANG_WARN_ENUM_CONVERSION = YES;
				CLANG_WARN_INT_CONVERSION = YES;
				CLANG_WARN_OBJC_ROOT_CLASS = YES_ERROR;
				CLANG_WARN_UNREACHABLE_CODE = YES;
				CLANG_WARN__DUPLICATE_METHOD_MATCH = YES;
				"CODE_SIGN_IDENTITY[sdk=iphoneos*]" = "iPhone Developer";
				COPY_PHASE_STRIP = NO;
				DEBUG_INFORMATION_FORMAT = dwarf;
				ENABLE_STRICT_OBJC_MSGSEND = YES;
				ENABLE_TESTABILITY = YES;
				GCC_C_LANGUAGE_STANDARD = gnu99;
				GCC_DYNAMIC_NO_PIC = NO;
				GCC_NO_COMMON_BLOCKS = YES;
				GCC_OPTIMIZATION_LEVEL = 0;
				GCC_PREPROCESSOR_DEFINITIONS = (
					"DEBUG=1",
					"$(inherited)",
				);
				GCC_WARN_64_TO_32_BIT_CONVERSION = YES;
				GCC_WARN_ABOUT_RETURN_TYPE = YES_ERROR;
				GCC_WARN_UNDECLARED_SELECTOR = YES;
				GCC_WARN_UNINITIALIZED_AUTOS = YES_AGGRESSIVE;
				GCC_WARN_UNUSED_FUNCTION = YES;
				GCC_WARN_UNUSED_VARIABLE = YES;
				IPHONEOS_DEPLOYMENT_TARGET = 9.2;
				MTL_ENABLE_DEBUG_INFO = YES;
				ONLY_ACTIVE_ARCH = YES;
				SDKROOT = iphoneos;
				SWIFT_OPTIMIZATION_LEVEL = "-Onone";
			};
			name = Debug;
		};
		4EECBD1B1DEA64AF009B20D7 /* Release */ = {
			isa = XCBuildConfiguration;
			buildSettings = {
				ALWAYS_SEARCH_USER_PATHS = NO;
				CLANG_CXX_LANGUAGE_STANDARD = "gnu++0x";
				CLANG_CXX_LIBRARY = "libc++";
				CLANG_ENABLE_MODULES = YES;
				CLANG_ENABLE_OBJC_ARC = YES;
				CLANG_WARN_BOOL_CONVERSION = YES;
				CLANG_WARN_CONSTANT_CONVERSION = YES;
				CLANG_WARN_DIRECT_OBJC_ISA_USAGE = YES_ERROR;
				CLANG_WARN_EMPTY_BODY = YES;
				CLANG_WARN_ENUM_CONVERSION = YES;
				CLANG_WARN_INT_CONVERSION = YES;
				CLANG_WARN_OBJC_ROOT_CLASS = YES_ERROR;
				CLANG_WARN_UNREACHABLE_CODE = YES;
				CLANG_WARN__DUPLICATE_METHOD_MATCH = YES;
				"CODE_SIGN_IDENTITY[sdk=iphoneos*]" = "iPhone Developer";
				COPY_PHASE_STRIP = NO;
				DEBUG_INFORMATION_FORMAT = "dwarf-with-dsym";
				ENABLE_NS_ASSERTIONS = NO;
				ENABLE_STRICT_OBJC_MSGSEND = YES;
				GCC_C_LANGUAGE_STANDARD = gnu99;
				GCC_NO_COMMON_BLOCKS = YES;
				GCC_WARN_64_TO_32_BIT_CONVERSION = YES;
				GCC_WARN_ABOUT_RETURN_TYPE = YES_ERROR;
				GCC_WARN_UNDECLARED_SELECTOR = YES;
				GCC_WARN_UNINITIALIZED_AUTOS = YES_AGGRESSIVE;
				GCC_WARN_UNUSED_FUNCTION = YES;
				GCC_WARN_UNUSED_VARIABLE = YES;
				IPHONEOS_DEPLOYMENT_TARGET = 9.2;
				MTL_ENABLE_DEBUG_INFO = NO;
				SDKROOT = iphoneos;
				VALIDATE_PRODUCT = YES;
			};
			name = Release;
		};
		4EECBD1D1DEA64AF009B20D7 /* Debug */ = {
			isa = XCBuildConfiguration;
			buildSettings = {
				ASSETCATALOG_COMPILER_APPICON_NAME = AppIcon;
				INFOPLIST_FILE = TipCalculator/Info.plist;
				LD_RUNPATH_SEARCH_PATHS = "$(inherited) @executable_path/Frameworks";
				PRODUCT_BUNDLE_IDENTIFIER = com.SangSaephan.TipCalculator;
				PRODUCT_NAME = "$(TARGET_NAME)";
			};
			name = Debug;
		};
		4EECBD1E1DEA64AF009B20D7 /* Release */ = {
			isa = XCBuildConfiguration;
			buildSettings = {
				ASSETCATALOG_COMPILER_APPICON_NAME = AppIcon;
				INFOPLIST_FILE = TipCalculator/Info.plist;
				LD_RUNPATH_SEARCH_PATHS = "$(inherited) @executable_path/Frameworks";
				PRODUCT_BUNDLE_IDENTIFIER = com.SangSaephan.TipCalculator;
				PRODUCT_NAME = "$(TARGET_NAME)";
			};
			name = Release;
		};
/* End XCBuildConfiguration section */

/* Begin XCConfigurationList section */
		4EECBD051DEA64AF009B20D7 /* Build configuration list for PBXProject "TipCalculator" */ = {
			isa = XCConfigurationList;
			buildConfigurations = (
				4EECBD1A1DEA64AF009B20D7 /* Debug */,
				4EECBD1B1DEA64AF009B20D7 /* Release */,
			);
			defaultConfigurationIsVisible = 0;
			defaultConfigurationName = Release;
		};
		4EECBD1C1DEA64AF009B20D7 /* Build configuration list for PBXNativeTarget "TipCalculator" */ = {
			isa = XCConfigurationList;
			buildConfigurations = (
				4EECBD1D1DEA64AF009B20D7 /* Debug */,
				4EECBD1E1DEA64AF009B20D7 /* Release */,
			);
			defaultConfigurationIsVisible = 0;
			defaultConfigurationName = Release;
		};
/* End XCConfigurationList section */
	};
	rootObject = 4EECBD021DEA64AF009B20D7 /* Project object */;
}
